// !$*UTF8*$!
{
	archiveVersion = 1;
	classes = {
	};
	objectVersion = 48;
	objects = {

/* Begin PBXBuildFile section */
		3750C1C81F9ED5F5008BF7EC /* AppDelegate.m in Sources */ = {isa = PBXBuildFile; fileRef = 3750C1C71F9ED5F5008BF7EC /* AppDelegate.m */; };
		3750C1CB1F9ED5F5008BF7EC /* ViewController.m in Sources */ = {isa = PBXBuildFile; fileRef = 3750C1CA1F9ED5F5008BF7EC /* ViewController.m */; };
		3750C1CE1F9ED5F5008BF7EC /* Main.storyboard in Resources */ = {isa = PBXBuildFile; fileRef = 3750C1CC1F9ED5F5008BF7EC /* Main.storyboard */; };
		3750C1D01F9ED5F5008BF7EC /* Assets.xcassets in Resources */ = {isa = PBXBuildFile; fileRef = 3750C1CF1F9ED5F5008BF7EC /* Assets.xcassets */; };
		3750C1D31F9ED5F5008BF7EC /* LaunchScreen.storyboard in Resources */ = {isa = PBXBuildFile; fileRef = 3750C1D11F9ED5F5008BF7EC /* LaunchScreen.storyboard */; };
		3750C1D61F9ED5F5008BF7EC /* main.m in Sources */ = {isa = PBXBuildFile; fileRef = 3750C1D51F9ED5F5008BF7EC /* main.m */; };
		3750C1E01F9ED5F5008BF7EC /* TTCacheDataToolDemoTests.m in Sources */ = {isa = PBXBuildFile; fileRef = 3750C1DF1F9ED5F5008BF7EC /* TTCacheDataToolDemoTests.m */; };
		3750C1EB1F9ED5F5008BF7EC /* TTCacheDataToolDemoUITests.m in Sources */ = {isa = PBXBuildFile; fileRef = 3750C1EA1F9ED5F5008BF7EC /* TTCacheDataToolDemoUITests.m */; };
		3750C2041F9EDC6A008BF7EC /* UIKit.framework in Frameworks */ = {isa = PBXBuildFile; fileRef = 3750C2031F9EDC37008BF7EC /* UIKit.framework */; };
		3750C20C1F9EE43F008BF7EC /* JMLogView.m in Sources */ = {isa = PBXBuildFile; fileRef = 3750C20B1F9EE43F008BF7EC /* JMLogView.m */; };
		3750C21C1F9F2173008BF7EC /* JMLogPM.m in Sources */ = {isa = PBXBuildFile; fileRef = 3750C2171F9F2173008BF7EC /* JMLogPM.m */; };
		3750C21D1F9F2173008BF7EC /* NSDateCommon.m in Sources */ = {isa = PBXBuildFile; fileRef = 3750C2191F9F2173008BF7EC /* NSDateCommon.m */; };
		3750C21E1F9F2173008BF7EC /* JMCacheDataTool.m in Sources */ = {isa = PBXBuildFile; fileRef = 3750C21B1F9F2173008BF7EC /* JMCacheDataTool.m */; };
		724F2D523EDF71FE3CC61C6D /* libPods-TTCacheDataToolDemo.a in Frameworks */ = {isa = PBXBuildFile; fileRef = EA1B8C179328B565E2655131 /* libPods-TTCacheDataToolDemo.a */; };
/* End PBXBuildFile section */

/* Begin PBXContainerItemProxy section */
		3750C1DC1F9ED5F5008BF7EC /* PBXContainerItemProxy */ = {
			isa = PBXContainerItemProxy;
			containerPortal = 3750C1BB1F9ED5F5008BF7EC /* Project object */;
			proxyType = 1;
			remoteGlobalIDString = 3750C1C21F9ED5F5008BF7EC;
			remoteInfo = TTCacheDataToolDemo;
		};
		3750C1E71F9ED5F5008BF7EC /* PBXContainerItemProxy */ = {
			isa = PBXContainerItemProxy;
			containerPortal = 3750C1BB1F9ED5F5008BF7EC /* Project object */;
			proxyType = 1;
			remoteGlobalIDString = 3750C1C21F9ED5F5008BF7EC;
			remoteInfo = TTCacheDataToolDemo;
		};
/* End PBXContainerItemProxy section */

/* Begin PBXFileReference section */
		3750C1C31F9ED5F5008BF7EC /* TTCacheDataToolDemo.app */ = {isa = PBXFileReference; explicitFileType = wrapper.application; includeInIndex = 0; path = TTCacheDataToolDemo.app; sourceTree = BUILT_PRODUCTS_DIR; };
		3750C1C61F9ED5F5008BF7EC /* AppDelegate.h */ = {isa = PBXFileReference; lastKnownFileType = sourcecode.c.h; path = AppDelegate.h; sourceTree = "<group>"; };
		3750C1C71F9ED5F5008BF7EC /* AppDelegate.m */ = {isa = PBXFileReference; lastKnownFileType = sourcecode.c.objc; path = AppDelegate.m; sourceTree = "<group>"; };
		3750C1C91F9ED5F5008BF7EC /* ViewController.h */ = {isa = PBXFileReference; lastKnownFileType = sourcecode.c.h; path = ViewController.h; sourceTree = "<group>"; };
		3750C1CA1F9ED5F5008BF7EC /* ViewController.m */ = {isa = PBXFileReference; lastKnownFileType = sourcecode.c.objc; path = ViewController.m; sourceTree = "<group>"; };
		3750C1CD1F9ED5F5008BF7EC /* Base */ = {isa = PBXFileReference; lastKnownFileType = file.storyboard; name = Base; path = Base.lproj/Main.storyboard; sourceTree = "<group>"; };
		3750C1CF1F9ED5F5008BF7EC /* Assets.xcassets */ = {isa = PBXFileReference; lastKnownFileType = folder.assetcatalog; path = Assets.xcassets; sourceTree = "<group>"; };
		3750C1D21F9ED5F5008BF7EC /* Base */ = {isa = PBXFileReference; lastKnownFileType = file.storyboard; name = Base; path = Base.lproj/LaunchScreen.storyboard; sourceTree = "<group>"; };
		3750C1D41F9ED5F5008BF7EC /* Info.plist */ = {isa = PBXFileReference; lastKnownFileType = text.plist.xml; path = Info.plist; sourceTree = "<group>"; };
		3750C1D51F9ED5F5008BF7EC /* main.m */ = {isa = PBXFileReference; lastKnownFileType = sourcecode.c.objc; path = main.m; sourceTree = "<group>"; };
		3750C1DB1F9ED5F5008BF7EC /* TTCacheDataToolDemoTests.xctest */ = {isa = PBXFileReference; explicitFileType = wrapper.cfbundle; includeInIndex = 0; path = TTCacheDataToolDemoTests.xctest; sourceTree = BUILT_PRODUCTS_DIR; };
		3750C1DF1F9ED5F5008BF7EC /* TTCacheDataToolDemoTests.m */ = {isa = PBXFileReference; lastKnownFileType = sourcecode.c.objc; path = TTCacheDataToolDemoTests.m; sourceTree = "<group>"; };
		3750C1E11F9ED5F5008BF7EC /* Info.plist */ = {isa = PBXFileReference; lastKnownFileType = text.plist.xml; path = Info.plist; sourceTree = "<group>"; };
		3750C1E61F9ED5F5008BF7EC /* TTCacheDataToolDemoUITests.xctest */ = {isa = PBXFileReference; explicitFileType = wrapper.cfbundle; includeInIndex = 0; path = TTCacheDataToolDemoUITests.xctest; sourceTree = BUILT_PRODUCTS_DIR; };
		3750C1EA1F9ED5F5008BF7EC /* TTCacheDataToolDemoUITests.m */ = {isa = PBXFileReference; lastKnownFileType = sourcecode.c.objc; path = TTCacheDataToolDemoUITests.m; sourceTree = "<group>"; };
		3750C1EC1F9ED5F5008BF7EC /* Info.plist */ = {isa = PBXFileReference; lastKnownFileType = text.plist.xml; path = Info.plist; sourceTree = "<group>"; };
		3750C2031F9EDC37008BF7EC /* UIKit.framework */ = {isa = PBXFileReference; lastKnownFileType = wrapper.framework; name = UIKit.framework; path = System/Library/Frameworks/UIKit.framework; sourceTree = SDKROOT; };
		3750C20A1F9EE43F008BF7EC /* JMLogView.h */ = {isa = PBXFileReference; fileEncoding = 4; lastKnownFileType = sourcecode.c.h; path = JMLogView.h; sourceTree = "<group>"; };
		3750C20B1F9EE43F008BF7EC /* JMLogView.m */ = {isa = PBXFileReference; fileEncoding = 4; lastKnownFileType = sourcecode.c.objc; path = JMLogView.m; sourceTree = "<group>"; };
		3750C2161F9F2173008BF7EC /* JMLogPM.h */ = {isa = PBXFileReference; fileEncoding = 4; lastKnownFileType = sourcecode.c.h; path = JMLogPM.h; sourceTree = "<group>"; };
		3750C2171F9F2173008BF7EC /* JMLogPM.m */ = {isa = PBXFileReference; fileEncoding = 4; lastKnownFileType = sourcecode.c.objc; path = JMLogPM.m; sourceTree = "<group>"; };
		3750C2181F9F2173008BF7EC /* NSDateCommon.h */ = {isa = PBXFileReference; fileEncoding = 4; lastKnownFileType = sourcecode.c.h; path = NSDateCommon.h; sourceTree = "<group>"; };
		3750C2191F9F2173008BF7EC /* NSDateCommon.m */ = {isa = PBXFileReference; fileEncoding = 4; lastKnownFileType = sourcecode.c.objc; path = NSDateCommon.m; sourceTree = "<group>"; };
		3750C21A1F9F2173008BF7EC /* JMCacheDataTool.h */ = {isa = PBXFileReference; fileEncoding = 4; lastKnownFileType = sourcecode.c.h; path = JMCacheDataTool.h; sourceTree = "<group>"; };
		3750C21B1F9F2173008BF7EC /* JMCacheDataTool.m */ = {isa = PBXFileReference; fileEncoding = 4; lastKnownFileType = sourcecode.c.objc; path = JMCacheDataTool.m; sourceTree = "<group>"; };
		3A147FA7A2E39E536179A288 /* Pods-TTCacheDataToolDemo.debug.xcconfig */ = {isa = PBXFileReference; includeInIndex = 1; lastKnownFileType = text.xcconfig; name = "Pods-TTCacheDataToolDemo.debug.xcconfig"; path = "Pods/Target Support Files/Pods-TTCacheDataToolDemo/Pods-TTCacheDataToolDemo.debug.xcconfig"; sourceTree = "<group>"; };
		5D73574BACFAC90572B10C90 /* Pods-TTCacheDataToolDemo.release.xcconfig */ = {isa = PBXFileReference; includeInIndex = 1; lastKnownFileType = text.xcconfig; name = "Pods-TTCacheDataToolDemo.release.xcconfig"; path = "Pods/Target Support Files/Pods-TTCacheDataToolDemo/Pods-TTCacheDataToolDemo.release.xcconfig"; sourceTree = "<group>"; };
		EA1B8C179328B565E2655131 /* libPods-TTCacheDataToolDemo.a */ = {isa = PBXFileReference; explicitFileType = archive.ar; includeInIndex = 0; path = "libPods-TTCacheDataToolDemo.a"; sourceTree = BUILT_PRODUCTS_DIR; };
/* End PBXFileReference section */

/* Begin PBXFrameworksBuildPhase section */
		3750C1C01F9ED5F5008BF7EC /* Frameworks */ = {
			isa = PBXFrameworksBuildPhase;
			buildActionMask = 2147483647;
			files = (
				3750C2041F9EDC6A008BF7EC /* UIKit.framework in Frameworks */,
				724F2D523EDF71FE3CC61C6D /* libPods-TTCacheDataToolDemo.a in Frameworks */,
			);
			runOnlyForDeploymentPostprocessing = 0;
		};
		3750C1D81F9ED5F5008BF7EC /* Frameworks */ = {
			isa = PBXFrameworksBuildPhase;
			buildActionMask = 2147483647;
			files = (
			);
			runOnlyForDeploymentPostprocessing = 0;
		};
		3750C1E31F9ED5F5008BF7EC /* Frameworks */ = {
			isa = PBXFrameworksBuildPhase;
			buildActionMask = 2147483647;
			files = (
			);
			runOnlyForDeploymentPostprocessing = 0;
		};
/* End PBXFrameworksBuildPhase section */

/* Begin PBXGroup section */
		3750C1BA1F9ED5F5008BF7EC = {
			isa = PBXGroup;
			children = (
				3750C1C51F9ED5F5008BF7EC /* TTCacheDataToolDemo */,
				3750C1DE1F9ED5F5008BF7EC /* TTCacheDataToolDemoTests */,
				3750C1E91F9ED5F5008BF7EC /* TTCacheDataToolDemoUITests */,
				3750C1C41F9ED5F5008BF7EC /* Products */,
				D8166B7028FBD84C2EFEF283 /* Pods */,
				4A8203BABE507896515C9F66 /* Frameworks */,
			);
			sourceTree = "<group>";
		};
		3750C1C41F9ED5F5008BF7EC /* Products */ = {
			isa = PBXGroup;
			children = (
				3750C1C31F9ED5F5008BF7EC /* TTCacheDataToolDemo.app */,
				3750C1DB1F9ED5F5008BF7EC /* TTCacheDataToolDemoTests.xctest */,
				3750C1E61F9ED5F5008BF7EC /* TTCacheDataToolDemoUITests.xctest */,
			);
			name = Products;
			sourceTree = "<group>";
		};
		3750C1C51F9ED5F5008BF7EC /* TTCacheDataToolDemo */ = {
			isa = PBXGroup;
			children = (
				3750C2141F9F2173008BF7EC /* TTCacheDataTool */,
				3750C2091F9EE43F008BF7EC /* ShowView */,
				3750C1C61F9ED5F5008BF7EC /* AppDelegate.h */,
				3750C1C71F9ED5F5008BF7EC /* AppDelegate.m */,
				3750C1C91F9ED5F5008BF7EC /* ViewController.h */,
				3750C1CA1F9ED5F5008BF7EC /* ViewController.m */,
				3750C1CC1F9ED5F5008BF7EC /* Main.storyboard */,
				3750C1CF1F9ED5F5008BF7EC /* Assets.xcassets */,
				3750C1D11F9ED5F5008BF7EC /* LaunchScreen.storyboard */,
				3750C1D41F9ED5F5008BF7EC /* Info.plist */,
				3750C1D51F9ED5F5008BF7EC /* main.m */,
			);
			path = TTCacheDataToolDemo;
			sourceTree = "<group>";
		};
		3750C1DE1F9ED5F5008BF7EC /* TTCacheDataToolDemoTests */ = {
			isa = PBXGroup;
			children = (
				3750C1DF1F9ED5F5008BF7EC /* TTCacheDataToolDemoTests.m */,
				3750C1E11F9ED5F5008BF7EC /* Info.plist */,
			);
			path = TTCacheDataToolDemoTests;
			sourceTree = "<group>";
		};
		3750C1E91F9ED5F5008BF7EC /* TTCacheDataToolDemoUITests */ = {
			isa = PBXGroup;
			children = (
				3750C1EA1F9ED5F5008BF7EC /* TTCacheDataToolDemoUITests.m */,
				3750C1EC1F9ED5F5008BF7EC /* Info.plist */,
			);
			path = TTCacheDataToolDemoUITests;
			sourceTree = "<group>";
		};
		3750C2091F9EE43F008BF7EC /* ShowView */ = {
			isa = PBXGroup;
			children = (
				3750C20A1F9EE43F008BF7EC /* JMLogView.h */,
				3750C20B1F9EE43F008BF7EC /* JMLogView.m */,
			);
			path = ShowView;
			sourceTree = "<group>";
		};
		3750C2141F9F2173008BF7EC /* TTCacheDataTool */ = {
			isa = PBXGroup;
			children = (
				3750C2151F9F2173008BF7EC /* DateTimeClass */,
				3750C21A1F9F2173008BF7EC /* JMCacheDataTool.h */,
				3750C21B1F9F2173008BF7EC /* JMCacheDataTool.m */,
			);
			name = TTCacheDataTool;
			path = ../../TTCacheDataTool;
			sourceTree = "<group>";
		};
		3750C2151F9F2173008BF7EC /* DateTimeClass */ = {
			isa = PBXGroup;
			children = (
				3750C2161F9F2173008BF7EC /* JMLogPM.h */,
				3750C2171F9F2173008BF7EC /* JMLogPM.m */,
				3750C2181F9F2173008BF7EC /* NSDateCommon.h */,
				3750C2191F9F2173008BF7EC /* NSDateCommon.m */,
			);
			path = DateTimeClass;
			sourceTree = "<group>";
		};
		4A8203BABE507896515C9F66 /* Frameworks */ = {
			isa = PBXGroup;
			children = (
				3750C2031F9EDC37008BF7EC /* UIKit.framework */,
				EA1B8C179328B565E2655131 /* libPods-TTCacheDataToolDemo.a */,
			);
			name = Frameworks;
			sourceTree = "<group>";
		};
		D8166B7028FBD84C2EFEF283 /* Pods */ = {
			isa = PBXGroup;
			children = (
				3A147FA7A2E39E536179A288 /* Pods-TTCacheDataToolDemo.debug.xcconfig */,
				5D73574BACFAC90572B10C90 /* Pods-TTCacheDataToolDemo.release.xcconfig */,
			);
			name = Pods;
			sourceTree = "<group>";
		};
/* End PBXGroup section */

/* Begin PBXNativeTarget section */
		3750C1C21F9ED5F5008BF7EC /* TTCacheDataToolDemo */ = {
			isa = PBXNativeTarget;
			buildConfigurationList = 3750C1EF1F9ED5F5008BF7EC /* Build configuration list for PBXNativeTarget "TTCacheDataToolDemo" */;
			buildPhases = (
				ED52FBFF82E54F9F921A116A /* [CP] Check Pods Manifest.lock */,
				3750C1BF1F9ED5F5008BF7EC /* Sources */,
				3750C1C01F9ED5F5008BF7EC /* Frameworks */,
				3750C1C11F9ED5F5008BF7EC /* Resources */,
				3E27BCB86CD532A4574E2FF3 /* [CP] Embed Pods Frameworks */,
				033ABF8D8616AD759081765A /* [CP] Copy Pods Resources */,
			);
			buildRules = (
			);
			dependencies = (
			);
			name = TTCacheDataToolDemo;
			productName = TTCacheDataToolDemo;
			productReference = 3750C1C31F9ED5F5008BF7EC /* TTCacheDataToolDemo.app */;
			productType = "com.apple.product-type.application";
		};
		3750C1DA1F9ED5F5008BF7EC /* TTCacheDataToolDemoTests */ = {
			isa = PBXNativeTarget;
			buildConfigurationList = 3750C1F21F9ED5F5008BF7EC /* Build configuration list for PBXNativeTarget "TTCacheDataToolDemoTests" */;
			buildPhases = (
				3750C1D71F9ED5F5008BF7EC /* Sources */,
				3750C1D81F9ED5F5008BF7EC /* Frameworks */,
				3750C1D91F9ED5F5008BF7EC /* Resources */,
			);
			buildRules = (
			);
			dependencies = (
				3750C1DD1F9ED5F5008BF7EC /* PBXTargetDependency */,
			);
			name = TTCacheDataToolDemoTests;
			productName = TTCacheDataToolDemoTests;
			productReference = 3750C1DB1F9ED5F5008BF7EC /* TTCacheDataToolDemoTests.xctest */;
			productType = "com.apple.product-type.bundle.unit-test";
		};
		3750C1E51F9ED5F5008BF7EC /* TTCacheDataToolDemoUITests */ = {
			isa = PBXNativeTarget;
			buildConfigurationList = 3750C1F51F9ED5F5008BF7EC /* Build configuration list for PBXNativeTarget "TTCacheDataToolDemoUITests" */;
			buildPhases = (
				3750C1E21F9ED5F5008BF7EC /* Sources */,
				3750C1E31F9ED5F5008BF7EC /* Frameworks */,
				3750C1E41F9ED5F5008BF7EC /* Resources */,
			);
			buildRules = (
			);
			dependencies = (
				3750C1E81F9ED5F5008BF7EC /* PBXTargetDependency */,
			);
			name = TTCacheDataToolDemoUITests;
			productName = TTCacheDataToolDemoUITests;
			productReference = 3750C1E61F9ED5F5008BF7EC /* TTCacheDataToolDemoUITests.xctest */;
			productType = "com.apple.product-type.bundle.ui-testing";
		};
/* End PBXNativeTarget section */

/* Begin PBXProject section */
		3750C1BB1F9ED5F5008BF7EC /* Project object */ = {
			isa = PBXProject;
			attributes = {
				LastUpgradeCheck = 0900;
				ORGANIZATIONNAME = TT_Cindy;
				TargetAttributes = {
					3750C1C21F9ED5F5008BF7EC = {
						CreatedOnToolsVersion = 9.0.1;
						ProvisioningStyle = Automatic;
					};
					3750C1DA1F9ED5F5008BF7EC = {
						CreatedOnToolsVersion = 9.0.1;
						ProvisioningStyle = Automatic;
						TestTargetID = 3750C1C21F9ED5F5008BF7EC;
					};
					3750C1E51F9ED5F5008BF7EC = {
						CreatedOnToolsVersion = 9.0.1;
						ProvisioningStyle = Automatic;
						TestTargetID = 3750C1C21F9ED5F5008BF7EC;
					};
				};
			};
			buildConfigurationList = 3750C1BE1F9ED5F5008BF7EC /* Build configuration list for PBXProject "TTCacheDataToolDemo" */;
			compatibilityVersion = "Xcode 8.0";
			developmentRegion = en;
			hasScannedForEncodings = 0;
			knownRegions = (
				en,
				Base,
			);
			mainGroup = 3750C1BA1F9ED5F5008BF7EC;
			productRefGroup = 3750C1C41F9ED5F5008BF7EC /* Products */;
			projectDirPath = "";
			projectRoot = "";
			targets = (
				3750C1C21F9ED5F5008BF7EC /* TTCacheDataToolDemo */,
				3750C1DA1F9ED5F5008BF7EC /* TTCacheDataToolDemoTests */,
				3750C1E51F9ED5F5008BF7EC /* TTCacheDataToolDemoUITests */,
			);
		};
/* End PBXProject section */

/* Begin PBXResourcesBuildPhase section */
		3750C1C11F9ED5F5008BF7EC /* Resources */ = {
			isa = PBXResourcesBuildPhase;
			buildActionMask = 2147483647;
			files = (
				3750C1D31F9ED5F5008BF7EC /* LaunchScreen.storyboard in Resources */,
				3750C1D01F9ED5F5008BF7EC /* Assets.xcassets in Resources */,
				3750C1CE1F9ED5F5008BF7EC /* Main.storyboard in Resources */,
			);
			runOnlyForDeploymentPostprocessing = 0;
		};
		3750C1D91F9ED5F5008BF7EC /* Resources */ = {
			isa = PBXResourcesBuildPhase;
			buildActionMask = 2147483647;
			files = (
			);
			runOnlyForDeploymentPostprocessing = 0;
		};
		3750C1E41F9ED5F5008BF7EC /* Resources */ = {
			isa = PBXResourcesBuildPhase;
			buildActionMask = 2147483647;
			files = (
			);
			runOnlyForDeploymentPostprocessing = 0;
		};
/* End PBXResourcesBuildPhase section */

/* Begin PBXShellScriptBuildPhase section */
		033ABF8D8616AD759081765A /* [CP] Copy Pods Resources */ = {
			isa = PBXShellScriptBuildPhase;
			buildActionMask = 2147483647;
			files = (
			);
			inputPaths = (
			);
			name = "[CP] Copy Pods Resources";
			outputPaths = (
			);
			runOnlyForDeploymentPostprocessing = 0;
			shellPath = /bin/sh;
			shellScript = "\"${SRCROOT}/Pods/Target Support Files/Pods-TTCacheDataToolDemo/Pods-TTCacheDataToolDemo-resources.sh\"\n";
			showEnvVarsInLog = 0;
		};
		3E27BCB86CD532A4574E2FF3 /* [CP] Embed Pods Frameworks */ = {
			isa = PBXShellScriptBuildPhase;
			buildActionMask = 2147483647;
			files = (
			);
			inputPaths = (
			);
			name = "[CP] Embed Pods Frameworks";
			outputPaths = (
			);
			runOnlyForDeploymentPostprocessing = 0;
			shellPath = /bin/sh;
			shellScript = "\"${SRCROOT}/Pods/Target Support Files/Pods-TTCacheDataToolDemo/Pods-TTCacheDataToolDemo-frameworks.sh\"\n";
			showEnvVarsInLog = 0;
		};
		ED52FBFF82E54F9F921A116A /* [CP] Check Pods Manifest.lock */ = {
			isa = PBXShellScriptBuildPhase;
			buildActionMask = 2147483647;
			files = (
			);
			inputPaths = (
				"${PODS_PODFILE_DIR_PATH}/Podfile.lock",
				"${PODS_ROOT}/Manifest.lock",
			);
			name = "[CP] Check Pods Manifest.lock";
			outputPaths = (
				"$(DERIVED_FILE_DIR)/Pods-TTCacheDataToolDemo-checkManifestLockResult.txt",
			);
			runOnlyForDeploymentPostprocessing = 0;
			shellPath = /bin/sh;
			shellScript = "diff \"${PODS_PODFILE_DIR_PATH}/Podfile.lock\" \"${PODS_ROOT}/Manifest.lock\" > /dev/null\nif [ $? != 0 ] ; then\n    # print error to STDERR\n    echo \"error: The sandbox is not in sync with the Podfile.lock. Run 'pod install' or update your CocoaPods installation.\" >&2\n    exit 1\nfi\n# This output is used by Xcode 'outputs' to avoid re-running this script phase.\necho \"SUCCESS\" > \"${SCRIPT_OUTPUT_FILE_0}\"\n";
			showEnvVarsInLog = 0;
		};
/* End PBXShellScriptBuildPhase section */

/* Begin PBXSourcesBuildPhase section */
		3750C1BF1F9ED5F5008BF7EC /* Sources */ = {
			isa = PBXSourcesBuildPhase;
			buildActionMask = 2147483647;
			files = (
				3750C21C1F9F2173008BF7EC /* JMLogPM.m in Sources */,
				3750C1CB1F9ED5F5008BF7EC /* ViewController.m in Sources */,
				3750C1D61F9ED5F5008BF7EC /* main.m in Sources */,
				3750C21D1F9F2173008BF7EC /* NSDateCommon.m in Sources */,
				3750C21E1F9F2173008BF7EC /* JMCacheDataTool.m in Sources */,
				3750C20C1F9EE43F008BF7EC /* JMLogView.m in Sources */,
				3750C1C81F9ED5F5008BF7EC /* AppDelegate.m in Sources */,
			);
			runOnlyForDeploymentPostprocessing = 0;
		};
		3750C1D71F9ED5F5008BF7EC /* Sources */ = {
			isa = PBXSourcesBuildPhase;
			buildActionMask = 2147483647;
			files = (
				3750C1E01F9ED5F5008BF7EC /* TTCacheDataToolDemoTests.m in Sources */,
			);
			runOnlyForDeploymentPostprocessing = 0;
		};
		3750C1E21F9ED5F5008BF7EC /* Sources */ = {
			isa = PBXSourcesBuildPhase;
			buildActionMask = 2147483647;
			files = (
				3750C1EB1F9ED5F5008BF7EC /* TTCacheDataToolDemoUITests.m in Sources */,
			);
			runOnlyForDeploymentPostprocessing = 0;
		};
/* End PBXSourcesBuildPhase section */

/* Begin PBXTargetDependency section */
		3750C1DD1F9ED5F5008BF7EC /* PBXTargetDependency */ = {
			isa = PBXTargetDependency;
			target = 3750C1C21F9ED5F5008BF7EC /* TTCacheDataToolDemo */;
			targetProxy = 3750C1DC1F9ED5F5008BF7EC /* PBXContainerItemProxy */;
		};
		3750C1E81F9ED5F5008BF7EC /* PBXTargetDependency */ = {
			isa = PBXTargetDependency;
			target = 3750C1C21F9ED5F5008BF7EC /* TTCacheDataToolDemo */;
			targetProxy = 3750C1E71F9ED5F5008BF7EC /* PBXContainerItemProxy */;
		};
/* End PBXTargetDependency section */

/* Begin PBXVariantGroup section */
		3750C1CC1F9ED5F5008BF7EC /* Main.storyboard */ = {
			isa = PBXVariantGroup;
			children = (
				3750C1CD1F9ED5F5008BF7EC /* Base */,
			);
			name = Main.storyboard;
			sourceTree = "<group>";
		};
		3750C1D11F9ED5F5008BF7EC /* LaunchScreen.storyboard */ = {
			isa = PBXVariantGroup;
			children = (
				3750C1D21F9ED5F5008BF7EC /* Base */,
			);
			name = LaunchScreen.storyboard;
			sourceTree = "<group>";
		};
/* End PBXVariantGroup section */

/* Begin XCBuildConfiguration section */
		3750C1ED1F9ED5F5008BF7EC /* Debug */ = {
			isa = XCBuildConfiguration;
			buildSettings = {
				ALWAYS_SEARCH_USER_PATHS = NO;
				CLANG_ANALYZER_NONNULL = YES;
				CLANG_ANALYZER_NUMBER_OBJECT_CONVERSION = YES_AGGRESSIVE;
				CLANG_CXX_LANGUAGE_STANDARD = "gnu++14";
				CLANG_CXX_LIBRARY = "libc++";
				CLANG_ENABLE_MODULES = YES;
				CLANG_ENABLE_OBJC_ARC = YES;
				CLANG_WARN_BLOCK_CAPTURE_AUTORELEASING = YES;
				CLANG_WARN_BOOL_CONVERSION = YES;
				CLANG_WARN_COMMA = YES;
				CLANG_WARN_CONSTANT_CONVERSION = YES;
				CLANG_WARN_DIRECT_OBJC_ISA_USAGE = YES_ERROR;
				CLANG_WARN_DOCUMENTATION_COMMENTS = YES;
				CLANG_WARN_EMPTY_BODY = YES;
				CLANG_WARN_ENUM_CONVERSION = YES;
				CLANG_WARN_INFINITE_RECURSION = YES;
				CLANG_WARN_INT_CONVERSION = YES;
				CLANG_WARN_NON_LITERAL_NULL_CONVERSION = YES;
				CLANG_WARN_OBJC_LITERAL_CONVERSION = YES;
				CLANG_WARN_OBJC_ROOT_CLASS = YES_ERROR;
				CLANG_WARN_RANGE_LOOP_ANALYSIS = YES;
				CLANG_WARN_STRICT_PROTOTYPES = YES;
				CLANG_WARN_SUSPICIOUS_MOVE = YES;
				CLANG_WARN_UNGUARDED_AVAILABILITY = YES_AGGRESSIVE;
				CLANG_WARN_UNREACHABLE_CODE = YES;
				CLANG_WARN__DUPLICATE_METHOD_MATCH = YES;
				CODE_SIGN_IDENTITY = "iPhone Developer";
				COPY_PHASE_STRIP = NO;
				DEBUG_INFORMATION_FORMAT = dwarf;
				ENABLE_STRICT_OBJC_MSGSEND = YES;
				ENABLE_TESTABILITY = YES;
				GCC_C_LANGUAGE_STANDARD = gnu11;
				GCC_DYNAMIC_NO_PIC = NO;
				GCC_NO_COMMON_BLOCKS = YES;
				GCC_OPTIMIZATION_LEVEL = 0;
				GCC_PREPROCESSOR_DEFINITIONS = (
					"DEBUG=1",
					"$(inherited)",
				);
				GCC_WARN_64_TO_32_BIT_CONVERSION = YES;
				GCC_WARN_ABOUT_RETURN_TYPE = YES_ERROR;
				GCC_WARN_UNDECLARED_SELECTOR = YES;
				GCC_WARN_UNINITIALIZED_AUTOS = YES_AGGRESSIVE;
				GCC_WARN_UNUSED_FUNCTION = YES;
				GCC_WARN_UNUSED_VARIABLE = YES;
				IPHONEOS_DEPLOYMENT_TARGET = 11.0;
				MTL_ENABLE_DEBUG_INFO = YES;
				ONLY_ACTIVE_ARCH = YES;
				SDKROOT = iphoneos;
			};
			name = Debug;
		};
		3750C1EE1F9ED5F5008BF7EC /* Release */ = {
			isa = XCBuildConfiguration;
			buildSettings = {
				ALWAYS_SEARCH_USER_PATHS = NO;
				CLANG_ANALYZER_NONNULL = YES;
				CLANG_ANALYZER_NUMBER_OBJECT_CONVERSION = YES_AGGRESSIVE;
				CLANG_CXX_LANGUAGE_STANDARD = "gnu++14";
				CLANG_CXX_LIBRARY = "libc++";
				CLANG_ENABLE_MODULES = YES;
				CLANG_ENABLE_OBJC_ARC = YES;
				CLANG_WARN_BLOCK_CAPTURE_AUTORELEASING = YES;
				CLANG_WARN_BOOL_CONVERSION = YES;
				CLANG_WARN_COMMA = YES;
				CLANG_WARN_CONSTANT_CONVERSION = YES;
				CLANG_WARN_DIRECT_OBJC_ISA_USAGE = YES_ERROR;
				CLANG_WARN_DOCUMENTATION_COMMENTS = YES;
				CLANG_WARN_EMPTY_BODY = YES;
				CLANG_WARN_ENUM_CONVERSION = YES;
				CLANG_WARN_INFINITE_RECURSION = YES;
				CLANG_WARN_INT_CONVERSION = YES;
				CLANG_WARN_NON_LITERAL_NULL_CONVERSION = YES;
				CLANG_WARN_OBJC_LITERAL_CONVERSION = YES;
				CLANG_WARN_OBJC_ROOT_CLASS = YES_ERROR;
				CLANG_WARN_RANGE_LOOP_ANALYSIS = YES;
				CLANG_WARN_STRICT_PROTOTYPES = YES;
				CLANG_WARN_SUSPICIOUS_MOVE = YES;
				CLANG_WARN_UNGUARDED_AVAILABILITY = YES_AGGRESSIVE;
				CLANG_WARN_UNREACHABLE_CODE = YES;
				CLANG_WARN__DUPLICATE_METHOD_MATCH = YES;
				CODE_SIGN_IDENTITY = "iPhone Developer";
				COPY_PHASE_STRIP = NO;
				DEBUG_INFORMATION_FORMAT = "dwarf-with-dsym";
				ENABLE_NS_ASSERTIONS = NO;
				ENABLE_STRICT_OBJC_MSGSEND = YES;
				GCC_C_LANGUAGE_STANDARD = gnu11;
				GCC_NO_COMMON_BLOCKS = YES;
				GCC_WARN_64_TO_32_BIT_CONVERSION = YES;
				GCC_WARN_ABOUT_RETURN_TYPE = YES_ERROR;
				GCC_WARN_UNDECLARED_SELECTOR = YES;
				GCC_WARN_UNINITIALIZED_AUTOS = YES_AGGRESSIVE;
				GCC_WARN_UNUSED_FUNCTION = YES;
				GCC_WARN_UNUSED_VARIABLE = YES;
				IPHONEOS_DEPLOYMENT_TARGET = 11.0;
				MTL_ENABLE_DEBUG_INFO = NO;
				SDKROOT = iphoneos;
				VALIDATE_PRODUCT = YES;
			};
			name = Release;
		};
		3750C1F01F9ED5F5008BF7EC /* Debug */ = {
			isa = XCBuildConfiguration;
			baseConfigurationReference = 3A147FA7A2E39E536179A288 /* Pods-TTCacheDataToolDemo.debug.xcconfig */;
			buildSettings = {
				ASSETCATALOG_COMPILER_APPICON_NAME = AppIcon;
				CODE_SIGN_STYLE = Automatic;
				DEVELOPMENT_TEAM = VHLBSWKF92;
				INFOPLIST_FILE = TTCacheDataToolDemo/Info.plist;
				IPHONEOS_DEPLOYMENT_TARGET = 9.1;
				LD_RUNPATH_SEARCH_PATHS = "$(inherited) @executable_path/Frameworks";
				PRODUCT_BUNDLE_IDENTIFIER = com.qq.493761458.TTCacheDataToolDemo;
				PRODUCT_NAME = "$(TARGET_NAME)";
				TARGETED_DEVICE_FAMILY = "1,2";
			};
			name = Debug;
		};
		3750C1F11F9ED5F5008BF7EC /* Release */ = {
			isa = XCBuildConfiguration;
			baseConfigurationReference = 5D73574BACFAC90572B10C90 /* Pods-TTCacheDataToolDemo.release.xcconfig */;
			buildSettings = {
				ASSETCATALOG_COMPILER_APPICON_NAME = AppIcon;
				CODE_SIGN_STYLE = Automatic;
				DEVELOPMENT_TEAM = VHLBSWKF92;
				INFOPLIST_FILE = TTCacheDataToolDemo/Info.plist;
				IPHONEOS_DEPLOYMENT_TARGET = 9.1;
				LD_RUNPATH_SEARCH_PATHS = "$(inherited) @executable_path/Frameworks";
				PRODUCT_BUNDLE_IDENTIFIER = com.qq.493761458.TTCacheDataToolDemo;
				PRODUCT_NAME = "$(TARGET_NAME)";
				TARGETED_DEVICE_FAMILY = "1,2";
			};
			name = Release;
		};
		3750C1F31F9ED5F5008BF7EC /* Debug */ = {
			isa = XCBuildConfiguration;
			buildSettings = {
				BUNDLE_LOADER = "$(TEST_HOST)";
				CODE_SIGN_STYLE = Automatic;
				DEVELOPMENT_TEAM = VHLBSWKF92;
				INFOPLIST_FILE = TTCacheDataToolDemoTests/Info.plist;
				LD_RUNPATH_SEARCH_PATHS = "$(inherited) @executable_path/Frameworks @loader_path/Frameworks";
				PRODUCT_BUNDLE_IDENTIFIER = com.qq.493761458.TTCacheDataToolDemoTests;
				PRODUCT_NAME = "$(TARGET_NAME)";
				TARGETED_DEVICE_FAMILY = "1,2";
				TEST_HOST = "$(BUILT_PRODUCTS_DIR)/TTCacheDataToolDemo.app/TTCacheDataToolDemo";
			};
			name = Debug;
		};
		3750C1F41F9ED5F5008BF7EC /* Release */ = {
			isa = XCBuildConfiguration;
			buildSettings = {
				BUNDLE_LOADER = "$(TEST_HOST)";
				CODE_SIGN_STYLE = Automatic;
				DEVELOPMENT_TEAM = VHLBSWKF92;
				INFOPLIST_FILE = TTCacheDataToolDemoTests/Info.plist;
				LD_RUNPATH_SEARCH_PATHS = "$(inherited) @executable_path/Frameworks @loader_path/Frameworks";
				PRODUCT_BUNDLE_IDENTIFIER = com.qq.493761458.TTCacheDataToolDemoTests;
				PRODUCT_NAME = "$(TARGET_NAME)";
				TARGETED_DEVICE_FAMILY = "1,2";
				TEST_HOST = "$(BUILT_PRODUCTS_DIR)/TTCacheDataToolDemo.app/TTCacheDataToolDemo";
			};
			name = Release;
		};
		3750C1F61F9ED5F5008BF7EC /* Debug */ = {
			isa = XCBuildConfiguration;
			buildSettings = {
				CODE_SIGN_STYLE = Automatic;
				DEVELOPMENT_TEAM = VHLBSWKF92;
				INFOPLIST_FILE = TTCacheDataToolDemoUITests/Info.plist;
				LD_RUNPATH_SEARCH_PATHS = "$(inherited) @executable_path/Frameworks @loader_path/Frameworks";
				PRODUCT_BUNDLE_IDENTIFIER = com.qq.493761458.TTCacheDataToolDemoUITests;
				PRODUCT_NAME = "$(TARGET_NAME)";
				TARGETED_DEVICE_FAMILY = "1,2";
				TEST_TARGET_NAME = TTCacheDataToolDemo;
			};
			name = Debug;
		};
		3750C1F71F9ED5F5008BF7EC /* Release */ = {
			isa = XCBuildConfiguration;
			buildSettings = {
				CODE_SIGN_STYLE = Automatic;
				DEVELOPMENT_TEAM = VHLBSWKF92;
				INFOPLIST_FILE = TTCacheDataToolDemoUITests/Info.plist;
				LD_RUNPATH_SEARCH_PATHS = "$(inherited) @executable_path/Frameworks @loader_path/Frameworks";
				PRODUCT_BUNDLE_IDENTIFIER = com.qq.493761458.TTCacheDataToolDemoUITests;
				PRODUCT_NAME = "$(TARGET_NAME)";
				TARGETED_DEVICE_FAMILY = "1,2";
				TEST_TARGET_NAME = TTCacheDataToolDemo;
			};
			name = Release;
		};
/* End XCBuildConfiguration section */

/* Begin XCConfigurationList section */
		3750C1BE1F9ED5F5008BF7EC /* Build configuration list for PBXProject "TTCacheDataToolDemo" */ = {
			isa = XCConfigurationList;
			buildConfigurations = (
				3750C1ED1F9ED5F5008BF7EC /* Debug */,
				3750C1EE1F9ED5F5008BF7EC /* Release */,
			);
			defaultConfigurationIsVisible = 0;
			defaultConfigurationName = Release;
		};
		3750C1EF1F9ED5F5008BF7EC /* Build configuration list for PBXNativeTarget "TTCacheDataToolDemo" */ = {
			isa = XCConfigurationList;
			buildConfigurations = (
				3750C1F01F9ED5F5008BF7EC /* Debug */,
				3750C1F11F9ED5F5008BF7EC /* Release */,
			);
			defaultConfigurationIsVisible = 0;
			defaultConfigurationName = Release;
		};
		3750C1F21F9ED5F5008BF7EC /* Build configuration list for PBXNativeTarget "TTCacheDataToolDemoTests" */ = {
			isa = XCConfigurationList;
			buildConfigurations = (
				3750C1F31F9ED5F5008BF7EC /* Debug */,
				3750C1F41F9ED5F5008BF7EC /* Release */,
			);
			defaultConfigurationIsVisible = 0;
			defaultConfigurationName = Release;
		};
		3750C1F51F9ED5F5008BF7EC /* Build configuration list for PBXNativeTarget "TTCacheDataToolDemoUITests" */ = {
			isa = XCConfigurationList;
			buildConfigurations = (
				3750C1F61F9ED5F5008BF7EC /* Debug */,
				3750C1F71F9ED5F5008BF7EC /* Release */,
			);
			defaultConfigurationIsVisible = 0;
			defaultConfigurationName = Release;
		};
/* End XCConfigurationList section */
	};
	rootObject = 3750C1BB1F9ED5F5008BF7EC /* Project object */;
}
